
Microsoft Visual Studio Solution File, Format Version 12.00
# Visual Studio Version 16
VisualStudioVersion = 16.0.31005.135
MinimumVisualStudioVersion = 10.0.40219.1
Project("{FAE04EC0-301F-11D3-BF4B-00C04F79EFBC}") = "SEWPROJEKT", "SEWPROJEKT\SEWPROJEKT.csproj", "{8543C626-3D1B-4925-B4E9-0CDF754DEF63}"
EndProject
Global
	GlobalSection(SolutionConfigurationPlatforms) = preSolution
		Debug|Any CPU = Debug|Any CPU
		Release|Any CPU = Release|Any CPU
	EndGlobalSection
	GlobalSection(ProjectConfigurationPlatforms) = postSolution
		{8543C626-3D1B-4925-B4E9-0CDF754DEF63}.Debug|Any CPU.ActiveCfg = Debug|Any CPU
		{8543C626-3D1B-4925-B4E9-0CDF754DEF63}.Debug|Any CPU.Build.0 = Debug|Any CPU
		{8543C626-3D1B-4925-B4E9-0CDF754DEF63}.Release|Any CPU.ActiveCfg = Release|Any CPU
		{8543C626-3D1B-4925-B4E9-0CDF754DEF63}.Release|Any CPU.Build.0 = Release|Any CPU
	EndGlobalSection
	GlobalSection(SolutionProperties) = preSolution
		HideSolutionNode = FALSE
	EndGlobalSection
	GlobalSection(ExtensibilityGlobals) = postSolution
		SolutionGuid = {A66DF345-9E39-4B5E-9FB6-75683923FE42}
	EndGlobalSection
EndGlobal
